
Microsoft Visual Studio Solution File, Format Version 12.00
# Visual Studio Version 17
VisualStudioVersion = 17.8.34330.188
MinimumVisualStudioVersion = 10.0.40219.1
Project("{FAE04EC0-301F-11D3-BF4B-00C04F79EFBC}") = "RequestResponse", "RequestResponse\RequestResponse.csproj", "{44ACA5DF-60F7-4D71-B498-B70DDC79E8E6}"
EndProject
Global
	GlobalSection(SolutionConfigurationPlatforms) = preSolution
		Debug|Any CPU = Debug|Any CPU
		Release|Any CPU = Release|Any CPU
	EndGlobalSection
	GlobalSection(ProjectConfigurationPlatforms) = postSolution
		{44ACA5DF-60F7-4D71-B498-B70DDC79E8E6}.Debug|Any CPU.ActiveCfg = Debug|Any CPU
		{44ACA5DF-60F7-4D71-B498-B70DDC79E8E6}.Debug|Any CPU.Build.0 = Debug|Any CPU
		{44ACA5DF-60F7-4D71-B498-B70DDC79E8E6}.Release|Any CPU.ActiveCfg = Release|Any CPU
		{44ACA5DF-60F7-4D71-B498-B70DDC79E8E6}.Release|Any CPU.Build.0 = Release|Any CPU
	EndGlobalSection
	GlobalSection(SolutionProperties) = preSolution
		HideSolutionNode = FALSE
	EndGlobalSection
	GlobalSection(ExtensibilityGlobals) = postSolution
		SolutionGuid = {599B59D5-3E52-48E2-9794-CAFA71BCECD4}
	EndGlobalSection
EndGlobal
